
Microsoft Visual Studio Solution File, Format Version 12.00
# Visual Studio Version 17
VisualStudioVersion = 17.5.33530.505
MinimumVisualStudioVersion = 10.0.40219.1
Project("{FAE04EC0-301F-11D3-BF4B-00C04F79EFBC}") = "DekoratorPattern", "DekoratorPattern\DekoratorPattern.csproj", "{04976650-F544-40F7-AC9C-63508DFF6DEC}"
EndProject
Global
	GlobalSection(SolutionConfigurationPlatforms) = preSolution
		Debug|Any CPU = Debug|Any CPU
		Release|Any CPU = Release|Any CPU
	EndGlobalSection
	GlobalSection(ProjectConfigurationPlatforms) = postSolution
		{04976650-F544-40F7-AC9C-63508DFF6DEC}.Debug|Any CPU.ActiveCfg = Debug|Any CPU
		{04976650-F544-40F7-AC9C-63508DFF6DEC}.Debug|Any CPU.Build.0 = Debug|Any CPU
		{04976650-F544-40F7-AC9C-63508DFF6DEC}.Release|Any CPU.ActiveCfg = Release|Any CPU
		{04976650-F544-40F7-AC9C-63508DFF6DEC}.Release|Any CPU.Build.0 = Release|Any CPU
	EndGlobalSection
	GlobalSection(SolutionProperties) = preSolution
		HideSolutionNode = FALSE
	EndGlobalSection
	GlobalSection(ExtensibilityGlobals) = postSolution
		SolutionGuid = {DBE3989B-ABB1-4660-A508-7F1F1B9EA1C2}
	EndGlobalSection
EndGlobal
